
Microsoft Visual Studio Solution File, Format Version 12.00
# Visual Studio Version 16
VisualStudioVersion = 16.0.31729.503
MinimumVisualStudioVersion = 10.0.40219.1
Project("{FAE04EC0-301F-11D3-BF4B-00C04F79EFBC}") = "Onfinit", "Onfinit\Onfinit.csproj", "{2FF6A8A1-AA7F-4AEF-AD5D-20B9319A30A0}"
EndProject
Global
	GlobalSection(SolutionConfigurationPlatforms) = preSolution
		Debug|Any CPU = Debug|Any CPU
		Release|Any CPU = Release|Any CPU
	EndGlobalSection
	GlobalSection(ProjectConfigurationPlatforms) = postSolution
		{2FF6A8A1-AA7F-4AEF-AD5D-20B9319A30A0}.Debug|Any CPU.ActiveCfg = Debug|Any CPU
		{2FF6A8A1-AA7F-4AEF-AD5D-20B9319A30A0}.Debug|Any CPU.Build.0 = Debug|Any CPU
		{2FF6A8A1-AA7F-4AEF-AD5D-20B9319A30A0}.Release|Any CPU.ActiveCfg = Release|Any CPU
		{2FF6A8A1-AA7F-4AEF-AD5D-20B9319A30A0}.Release|Any CPU.Build.0 = Release|Any CPU
	EndGlobalSection
	GlobalSection(SolutionProperties) = preSolution
		HideSolutionNode = FALSE
	EndGlobalSection
	GlobalSection(ExtensibilityGlobals) = postSolution
		SolutionGuid = {33CDA32A-0077-4955-A7AE-C173B26BE49A}
	EndGlobalSection
EndGlobal
